
Microsoft Visual Studio Solution File, Format Version 12.00
# Visual Studio Version 17
VisualStudioVersion = 17.8.34330.188
MinimumVisualStudioVersion = 10.0.40219.1
Project("{9A19103F-16F7-4668-BE54-9A1E7A4F7556}") = "RouteTechAhmedAtwanTask", "RouteTechAhmedAtwanTask\RouteTechAhmedAtwanTask.csproj", "{730517E9-5D5D-4F21-93F2-49D0613839E7}"
EndProject
Project("{9A19103F-16F7-4668-BE54-9A1E7A4F7556}") = "OMS.Core", "OMS.Core\OMS.Core.csproj", "{47AAA12B-3EDC-420B-9DE3-3B47144B5F00}"
EndProject
Project("{9A19103F-16F7-4668-BE54-9A1E7A4F7556}") = "OMS.Repository", "OMS.Repository\OMS.Repository.csproj", "{EE9CEA4D-5294-40FF-AA1D-32934AB19DA9}"
EndProject
Project("{9A19103F-16F7-4668-BE54-9A1E7A4F7556}") = "OMS.Service", "OMS.Service\OMS.Service.csproj", "{FA4B9C5C-9491-4EC1-9C3F-FF762ED9F523}"
EndProject
Project("{FAE04EC0-301F-11D3-BF4B-00C04F79EFBC}") = "TestProject1", "TestProject1\TestProject1.csproj", "{0CA8D3FF-D3A4-4DAD-948D-0E492C91EDB0}"
EndProject
Global
	GlobalSection(SolutionConfigurationPlatforms) = preSolution
		Debug|Any CPU = Debug|Any CPU
		Release|Any CPU = Release|Any CPU
	EndGlobalSection
	GlobalSection(ProjectConfigurationPlatforms) = postSolution
		{730517E9-5D5D-4F21-93F2-49D0613839E7}.Debug|Any CPU.ActiveCfg = Debug|Any CPU
		{730517E9-5D5D-4F21-93F2-49D0613839E7}.Debug|Any CPU.Build.0 = Debug|Any CPU
		{730517E9-5D5D-4F21-93F2-49D0613839E7}.Release|Any CPU.ActiveCfg = Release|Any CPU
		{730517E9-5D5D-4F21-93F2-49D0613839E7}.Release|Any CPU.Build.0 = Release|Any CPU
		{47AAA12B-3EDC-420B-9DE3-3B47144B5F00}.Debug|Any CPU.ActiveCfg = Debug|Any CPU
		{47AAA12B-3EDC-420B-9DE3-3B47144B5F00}.Debug|Any CPU.Build.0 = Debug|Any CPU
		{47AAA12B-3EDC-420B-9DE3-3B47144B5F00}.Release|Any CPU.ActiveCfg = Release|Any CPU
		{47AAA12B-3EDC-420B-9DE3-3B47144B5F00}.Release|Any CPU.Build.0 = Release|Any CPU
		{EE9CEA4D-5294-40FF-AA1D-32934AB19DA9}.Debug|Any CPU.ActiveCfg = Debug|Any CPU
		{EE9CEA4D-5294-40FF-AA1D-32934AB19DA9}.Debug|Any CPU.Build.0 = Debug|Any CPU
		{EE9CEA4D-5294-40FF-AA1D-32934AB19DA9}.Release|Any CPU.ActiveCfg = Release|Any CPU
		{EE9CEA4D-5294-40FF-AA1D-32934AB19DA9}.Release|Any CPU.Build.0 = Release|Any CPU
		{FA4B9C5C-9491-4EC1-9C3F-FF762ED9F523}.Debug|Any CPU.ActiveCfg = Debug|Any CPU
		{FA4B9C5C-9491-4EC1-9C3F-FF762ED9F523}.Debug|Any CPU.Build.0 = Debug|Any CPU
		{FA4B9C5C-9491-4EC1-9C3F-FF762ED9F523}.Release|Any CPU.ActiveCfg = Release|Any CPU
		{FA4B9C5C-9491-4EC1-9C3F-FF762ED9F523}.Release|Any CPU.Build.0 = Release|Any CPU
		{0CA8D3FF-D3A4-4DAD-948D-0E492C91EDB0}.Debug|Any CPU.ActiveCfg = Debug|Any CPU
		{0CA8D3FF-D3A4-4DAD-948D-0E492C91EDB0}.Debug|Any CPU.Build.0 = Debug|Any CPU
		{0CA8D3FF-D3A4-4DAD-948D-0E492C91EDB0}.Release|Any CPU.ActiveCfg = Release|Any CPU
		{0CA8D3FF-D3A4-4DAD-948D-0E492C91EDB0}.Release|Any CPU.Build.0 = Release|Any CPU
	EndGlobalSection
	GlobalSection(SolutionProperties) = preSolution
		HideSolutionNode = FALSE
	EndGlobalSection
	GlobalSection(ExtensibilityGlobals) = postSolution
		SolutionGuid = {93234469-420F-446C-B433-D7B98C3C3870}
	EndGlobalSection
EndGlobal
